
Microsoft Visual Studio Solution File, Format Version 12.00
# Visual Studio 15
VisualStudioVersion = 15.0.28307.1401
MinimumVisualStudioVersion = 10.0.40219.1
Project("{FAE04EC0-301F-11D3-BF4B-00C04F79EFBC}") = "Heavy Machinery Hiring App", "Trail\Heavy Machinery Hiring App.csproj", "{22F4EF2E-3172-48F8-9A53-6F22A28CB30B}"
EndProject
Global
	GlobalSection(SolutionConfigurationPlatforms) = preSolution
		Debug|Any CPU = Debug|Any CPU
		Release|Any CPU = Release|Any CPU
	EndGlobalSection
	GlobalSection(ProjectConfigurationPlatforms) = postSolution
		{22F4EF2E-3172-48F8-9A53-6F22A28CB30B}.Debug|Any CPU.ActiveCfg = Debug|Any CPU
		{22F4EF2E-3172-48F8-9A53-6F22A28CB30B}.Debug|Any CPU.Build.0 = Debug|Any CPU
		{22F4EF2E-3172-48F8-9A53-6F22A28CB30B}.Release|Any CPU.ActiveCfg = Release|Any CPU
		{22F4EF2E-3172-48F8-9A53-6F22A28CB30B}.Release|Any CPU.Build.0 = Release|Any CPU
	EndGlobalSection
	GlobalSection(SolutionProperties) = preSolution
		HideSolutionNode = FALSE
	EndGlobalSection
	GlobalSection(ExtensibilityGlobals) = postSolution
		SolutionGuid = {DCBF2035-B46E-4525-BDE7-B7296503C4ED}
	EndGlobalSection
EndGlobal
